
Microsoft Visual Studio Solution File, Format Version 12.00
# Visual Studio Version 16
VisualStudioVersion = 16.0.31112.23
MinimumVisualStudioVersion = 10.0.40219.1
Project("{FAE04EC0-301F-11D3-BF4B-00C04F79EFBC}") = "LeMondeDeEmbarcationDeGuerre", "LeMondeDeEmbarcationDeGuerre\LeMondeDeEmbarcationDeGuerre.csproj", "{8CD3DB40-C025-4687-A7A3-773FC111370A}"
EndProject
Project("{FAE04EC0-301F-11D3-BF4B-00C04F79EFBC}") = "LeMondeDeEmbarcationDeGuerre.Core", "LeMondeDeEmbarcationDeGuerre.Core\LeMondeDeEmbarcationDeGuerre.Core.csproj", "{77F6169A-1D9A-4F3F-8C5D-9D352877C20D}"
EndProject
Global
	GlobalSection(SolutionConfigurationPlatforms) = preSolution
		Debug|Any CPU = Debug|Any CPU
		Release|Any CPU = Release|Any CPU
	EndGlobalSection
	GlobalSection(ProjectConfigurationPlatforms) = postSolution
		{8CD3DB40-C025-4687-A7A3-773FC111370A}.Debug|Any CPU.ActiveCfg = Debug|Any CPU
		{8CD3DB40-C025-4687-A7A3-773FC111370A}.Debug|Any CPU.Build.0 = Debug|Any CPU
		{8CD3DB40-C025-4687-A7A3-773FC111370A}.Release|Any CPU.ActiveCfg = Release|Any CPU
		{8CD3DB40-C025-4687-A7A3-773FC111370A}.Release|Any CPU.Build.0 = Release|Any CPU
		{77F6169A-1D9A-4F3F-8C5D-9D352877C20D}.Debug|Any CPU.ActiveCfg = Debug|Any CPU
		{77F6169A-1D9A-4F3F-8C5D-9D352877C20D}.Debug|Any CPU.Build.0 = Debug|Any CPU
		{77F6169A-1D9A-4F3F-8C5D-9D352877C20D}.Release|Any CPU.ActiveCfg = Release|Any CPU
		{77F6169A-1D9A-4F3F-8C5D-9D352877C20D}.Release|Any CPU.Build.0 = Release|Any CPU
	EndGlobalSection
	GlobalSection(SolutionProperties) = preSolution
		HideSolutionNode = FALSE
	EndGlobalSection
	GlobalSection(ExtensibilityGlobals) = postSolution
		SolutionGuid = {9E5CA43F-E4E6-427F-8283-C46A28A45F3E}
	EndGlobalSection
EndGlobal
